
Microsoft Visual Studio Solution File, Format Version 12.00
# Visual Studio Version 17
VisualStudioVersion = 17.1.32414.318
MinimumVisualStudioVersion = 10.0.40219.1
Project("{FAE04EC0-301F-11D3-BF4B-00C04F79EFBC}") = "HelpGraphABC", "HelpGraphABC.csproj", "{F8E0ADBC-63F3-4469-A391-3EB506A3FA8B}"
EndProject
Project("{FAE04EC0-301F-11D3-BF4B-00C04F79EFBC}") = "TestHelpGraphABC", "..\TestHelpGraphABC\TestHelpGraphABC.csproj", "{2810209C-28E4-4C70-87D5-48765C3AB641}"
EndProject
Global
	GlobalSection(SolutionConfigurationPlatforms) = preSolution
		Debug|Any CPU = Debug|Any CPU
		Release|Any CPU = Release|Any CPU
	EndGlobalSection
	GlobalSection(ProjectConfigurationPlatforms) = postSolution
		{F8E0ADBC-63F3-4469-A391-3EB506A3FA8B}.Debug|Any CPU.ActiveCfg = Debug|Any CPU
		{F8E0ADBC-63F3-4469-A391-3EB506A3FA8B}.Debug|Any CPU.Build.0 = Debug|Any CPU
		{F8E0ADBC-63F3-4469-A391-3EB506A3FA8B}.Release|Any CPU.ActiveCfg = Release|Any CPU
		{F8E0ADBC-63F3-4469-A391-3EB506A3FA8B}.Release|Any CPU.Build.0 = Release|Any CPU
		{2810209C-28E4-4C70-87D5-48765C3AB641}.Debug|Any CPU.ActiveCfg = Debug|Any CPU
		{2810209C-28E4-4C70-87D5-48765C3AB641}.Debug|Any CPU.Build.0 = Debug|Any CPU
		{2810209C-28E4-4C70-87D5-48765C3AB641}.Release|Any CPU.ActiveCfg = Release|Any CPU
		{2810209C-28E4-4C70-87D5-48765C3AB641}.Release|Any CPU.Build.0 = Release|Any CPU
	EndGlobalSection
	GlobalSection(SolutionProperties) = preSolution
		HideSolutionNode = FALSE
	EndGlobalSection
	GlobalSection(ExtensibilityGlobals) = postSolution
		SolutionGuid = {CFF9AE78-0981-468C-B24E-836AAF4EFB18}
	EndGlobalSection
EndGlobal
